// !$*UTF8*$!
{
	archiveVersion = 1;
	classes = {
	};
	objectVersion = 47;
	objects = {

/* Begin PBXBuildFile section */
		90A993B31CCA8CD1009DEB2E /* AppleScriptObjC.framework in Frameworks */ = {isa = PBXBuildFile; fileRef = 90A993B21CCA8CD1009DEB2E /* AppleScriptObjC.framework */; };
		90A993B71CCA8CD1009DEB2E /* main.m in Sources */ = {isa = PBXBuildFile; fileRef = 90A993B61CCA8CD1009DEB2E /* main.m */; };
		90A993B91CCA8CD1009DEB2E /* AppDelegate.applescript in Sources */ = {isa = PBXBuildFile; fileRef = 90A993B81CCA8CD1009DEB2E /* AppDelegate.applescript */; };
		90A993BB1CCA8CD1009DEB2E /* Assets.xcassets in Resources */ = {isa = PBXBuildFile; fileRef = 90A993BA1CCA8CD1009DEB2E /* Assets.xcassets */; };
		90A993BE1CCA8CD1009DEB2E /* MainMenu.xib in Resources */ = {isa = PBXBuildFile; fileRef = 90A993BC1CCA8CD1009DEB2E /* MainMenu.xib */; };
/* End PBXBuildFile section */

/* Begin PBXFileReference section */
		90A993AF1CCA8CD1009DEB2E /* TV Watchman.app */ = {isa = PBXFileReference; explicitFileType = wrapper.application; includeInIndex = 0; path = "TV Watchman.app"; sourceTree = BUILT_PRODUCTS_DIR; };
		90A993B21CCA8CD1009DEB2E /* AppleScriptObjC.framework */ = {isa = PBXFileReference; lastKnownFileType = wrapper.framework; name = AppleScriptObjC.framework; path = System/Library/Frameworks/AppleScriptObjC.framework; sourceTree = SDKROOT; };
		90A993B61CCA8CD1009DEB2E /* main.m */ = {isa = PBXFileReference; lastKnownFileType = sourcecode.c.objc; path = main.m; sourceTree = "<group>"; };
		90A993B81CCA8CD1009DEB2E /* AppDelegate.applescript */ = {isa = PBXFileReference; lastKnownFileType = sourcecode.applescript; path = AppDelegate.applescript; sourceTree = "<group>"; };
		90A993BA1CCA8CD1009DEB2E /* Assets.xcassets */ = {isa = PBXFileReference; lastKnownFileType = folder.assetcatalog; path = Assets.xcassets; sourceTree = "<group>"; };
		90A993BD1CCA8CD1009DEB2E /* Base */ = {isa = PBXFileReference; lastKnownFileType = file.xib; name = Base; path = Base.lproj/MainMenu.xib; sourceTree = "<group>"; };
		90A993BF1CCA8CD1009DEB2E /* Info.plist */ = {isa = PBXFileReference; lastKnownFileType = text.plist.xml; path = Info.plist; sourceTree = "<group>"; };
/* End PBXFileReference section */

/* Begin PBXFrameworksBuildPhase section */
		90A993AC1CCA8CD1009DEB2E /* Frameworks */ = {
			isa = PBXFrameworksBuildPhase;
			buildActionMask = 2147483647;
			files = (
				90A993B31CCA8CD1009DEB2E /* AppleScriptObjC.framework in Frameworks */,
			);
			runOnlyForDeploymentPostprocessing = 0;
		};
/* End PBXFrameworksBuildPhase section */

/* Begin PBXGroup section */
		90A993A61CCA8CD1009DEB2E = {
			isa = PBXGroup;
			children = (
				90A993B41CCA8CD1009DEB2E /* TV Watchman */,
				90A993B11CCA8CD1009DEB2E /* Frameworks */,
				90A993B01CCA8CD1009DEB2E /* Products */,
			);
			sourceTree = "<group>";
		};
		90A993B01CCA8CD1009DEB2E /* Products */ = {
			isa = PBXGroup;
			children = (
				90A993AF1CCA8CD1009DEB2E /* TV Watchman.app */,
			);
			name = Products;
			sourceTree = "<group>";
		};
		90A993B11CCA8CD1009DEB2E /* Frameworks */ = {
			isa = PBXGroup;
			children = (
				90A993B21CCA8CD1009DEB2E /* AppleScriptObjC.framework */,
			);
			name = Frameworks;
			sourceTree = "<group>";
		};
		90A993B41CCA8CD1009DEB2E /* TV Watchman */ = {
			isa = PBXGroup;
			children = (
				90A993B81CCA8CD1009DEB2E /* AppDelegate.applescript */,
				90A993BA1CCA8CD1009DEB2E /* Assets.xcassets */,
				90A993BC1CCA8CD1009DEB2E /* MainMenu.xib */,
				90A993BF1CCA8CD1009DEB2E /* Info.plist */,
				90A993B51CCA8CD1009DEB2E /* Supporting Files */,
			);
			path = "TV Watchman";
			sourceTree = "<group>";
		};
		90A993B51CCA8CD1009DEB2E /* Supporting Files */ = {
			isa = PBXGroup;
			children = (
				90A993B61CCA8CD1009DEB2E /* main.m */,
			);
			name = "Supporting Files";
			sourceTree = "<group>";
		};
/* End PBXGroup section */

/* Begin PBXNativeTarget section */
		90A993AE1CCA8CD1009DEB2E /* TV Watchman */ = {
			isa = PBXNativeTarget;
			buildConfigurationList = 90A993C21CCA8CD1009DEB2E /* Build configuration list for PBXNativeTarget "TV Watchman" */;
			buildPhases = (
				90A993AB1CCA8CD1009DEB2E /* Sources */,
				90A993AC1CCA8CD1009DEB2E /* Frameworks */,
				90A993AD1CCA8CD1009DEB2E /* Resources */,
			);
			buildRules = (
			);
			dependencies = (
			);
			name = "TV Watchman";
			productName = "TV Watchman";
			productReference = 90A993AF1CCA8CD1009DEB2E /* TV Watchman.app */;
			productType = "com.apple.product-type.application";
		};
/* End PBXNativeTarget section */

/* Begin PBXProject section */
		90A993A71CCA8CD1009DEB2E /* Project object */ = {
			isa = PBXProject;
			attributes = {
				LastUpgradeCheck = 0730;
				ORGANIZATIONNAME = "Matthew Rayner";
				TargetAttributes = {
					90A993AE1CCA8CD1009DEB2E = {
						CreatedOnToolsVersion = 7.3;
					};
				};
			};
			buildConfigurationList = 90A993AA1CCA8CD1009DEB2E /* Build configuration list for PBXProject "TV Watchman" */;
			compatibilityVersion = "Xcode 6.3";
			developmentRegion = English;
			hasScannedForEncodings = 0;
			knownRegions = (
				en,
				Base,
			);
			mainGroup = 90A993A61CCA8CD1009DEB2E;
			productRefGroup = 90A993B01CCA8CD1009DEB2E /* Products */;
			projectDirPath = "";
			projectRoot = "";
			targets = (
				90A993AE1CCA8CD1009DEB2E /* TV Watchman */,
			);
		};
/* End PBXProject section */

/* Begin PBXResourcesBuildPhase section */
		90A993AD1CCA8CD1009DEB2E /* Resources */ = {
			isa = PBXResourcesBuildPhase;
			buildActionMask = 2147483647;
			files = (
				90A993BB1CCA8CD1009DEB2E /* Assets.xcassets in Resources */,
				90A993BE1CCA8CD1009DEB2E /* MainMenu.xib in Resources */,
			);
			runOnlyForDeploymentPostprocessing = 0;
		};
/* End PBXResourcesBuildPhase section */

/* Begin PBXSourcesBuildPhase section */
		90A993AB1CCA8CD1009DEB2E /* Sources */ = {
			isa = PBXSourcesBuildPhase;
			buildActionMask = 2147483647;
			files = (
				90A993B91CCA8CD1009DEB2E /* AppDelegate.applescript in Sources */,
				90A993B71CCA8CD1009DEB2E /* main.m in Sources */,
			);
			runOnlyForDeploymentPostprocessing = 0;
		};
/* End PBXSourcesBuildPhase section */

/* Begin PBXVariantGroup section */
		90A993BC1CCA8CD1009DEB2E /* MainMenu.xib */ = {
			isa = PBXVariantGroup;
			children = (
				90A993BD1CCA8CD1009DEB2E /* Base */,
			);
			name = MainMenu.xib;
			sourceTree = "<group>";
		};
/* End PBXVariantGroup section */

/* Begin XCBuildConfiguration section */
		90A993C01CCA8CD1009DEB2E /* Debug */ = {
			isa = XCBuildConfiguration;
			buildSettings = {
				ALWAYS_SEARCH_USER_PATHS = NO;
				CLANG_ANALYZER_NONNULL = YES;
				CLANG_CXX_LANGUAGE_STANDARD = "gnu++0x";
				CLANG_CXX_LIBRARY = "libc++";
				CLANG_ENABLE_MODULES = YES;
				CLANG_ENABLE_OBJC_ARC = YES;
				CLANG_WARN_BOOL_CONVERSION = YES;
				CLANG_WARN_CONSTANT_CONVERSION = YES;
				CLANG_WARN_DIRECT_OBJC_ISA_USAGE = YES_ERROR;
				CLANG_WARN_EMPTY_BODY = YES;
				CLANG_WARN_ENUM_CONVERSION = YES;
				CLANG_WARN_INT_CONVERSION = YES;
				CLANG_WARN_OBJC_ROOT_CLASS = YES_ERROR;
				CLANG_WARN_UNREACHABLE_CODE = YES;
				CLANG_WARN__DUPLICATE_METHOD_MATCH = YES;
				CODE_SIGN_IDENTITY = "-";
				COPY_PHASE_STRIP = NO;
				DEBUG_INFORMATION_FORMAT = dwarf;
				ENABLE_STRICT_OBJC_MSGSEND = YES;
				ENABLE_TESTABILITY = YES;
				GCC_C_LANGUAGE_STANDARD = gnu99;
				GCC_DYNAMIC_NO_PIC = NO;
				GCC_NO_COMMON_BLOCKS = YES;
				GCC_OPTIMIZATION_LEVEL = 0;
				GCC_PREPROCESSOR_DEFINITIONS = (
					"DEBUG=1",
					"$(inherited)",
				);
				GCC_WARN_64_TO_32_BIT_CONVERSION = YES;
				GCC_WARN_ABOUT_RETURN_TYPE = YES_ERROR;
				GCC_WARN_UNDECLARED_SELECTOR = YES;
				GCC_WARN_UNINITIALIZED_AUTOS = YES_AGGRESSIVE;
				GCC_WARN_UNUSED_FUNCTION = YES;
				GCC_WARN_UNUSED_VARIABLE = YES;
				MACOSX_DEPLOYMENT_TARGET = 10.11;
				MTL_ENABLE_DEBUG_INFO = YES;
				ONLY_ACTIVE_ARCH = YES;
				SDKROOT = macosx;
			};
			name = Debug;
		};
		90A993C11CCA8CD1009DEB2E /* Release */ = {
			isa = XCBuildConfiguration;
			buildSettings = {
				ALWAYS_SEARCH_USER_PATHS = NO;
				CLANG_ANALYZER_NONNULL = YES;
				CLANG_CXX_LANGUAGE_STANDARD = "gnu++0x";
				CLANG_CXX_LIBRARY = "libc++";
				CLANG_ENABLE_MODULES = YES;
				CLANG_ENABLE_OBJC_ARC = YES;
				CLANG_WARN_BOOL_CONVERSION = YES;
				CLANG_WARN_CONSTANT_CONVERSION = YES;
				CLANG_WARN_DIRECT_OBJC_ISA_USAGE = YES_ERROR;
				CLANG_WARN_EMPTY_BODY = YES;
				CLANG_WARN_ENUM_CONVERSION = YES;
				CLANG_WARN_INT_CONVERSION = YES;
				CLANG_WARN_OBJC_ROOT_CLASS = YES_ERROR;
				CLANG_WARN_UNREACHABLE_CODE = YES;
				CLANG_WARN__DUPLICATE_METHOD_MATCH = YES;
				CODE_SIGN_IDENTITY = "-";
				COPY_PHASE_STRIP = NO;
				DEBUG_INFORMATION_FORMAT = "dwarf-with-dsym";
				ENABLE_NS_ASSERTIONS = NO;
				ENABLE_STRICT_OBJC_MSGSEND = YES;
				GCC_C_LANGUAGE_STANDARD = gnu99;
				GCC_NO_COMMON_BLOCKS = YES;
				GCC_WARN_64_TO_32_BIT_CONVERSION = YES;
				GCC_WARN_ABOUT_RETURN_TYPE = YES_ERROR;
				GCC_WARN_UNDECLARED_SELECTOR = YES;
				GCC_WARN_UNINITIALIZED_AUTOS = YES_AGGRESSIVE;
				GCC_WARN_UNUSED_FUNCTION = YES;
				GCC_WARN_UNUSED_VARIABLE = YES;
				MACOSX_DEPLOYMENT_TARGET = 10.11;
				MTL_ENABLE_DEBUG_INFO = NO;
				SDKROOT = macosx;
			};
			name = Release;
		};
		90A993C31CCA8CD1009DEB2E /* Debug */ = {
			isa = XCBuildConfiguration;
			buildSettings = {
				ASSETCATALOG_COMPILER_APPICON_NAME = AppIcon;
				CODE_SIGN_IDENTITY = "Mac Developer";
				COMBINE_HIDPI_IMAGES = YES;
				INFOPLIST_FILE = "TV Watchman/Info.plist";
				LD_RUNPATH_SEARCH_PATHS = "$(inherited) @executable_path/../Frameworks";
				PRODUCT_BUNDLE_IDENTIFIER = "www.canburyconsultants.com.TV-Watchman";
				PRODUCT_NAME = "$(TARGET_NAME)";
			};
			name = Debug;
		};
		90A993C41CCA8CD1009DEB2E /* Release */ = {
			isa = XCBuildConfiguration;
			buildSettings = {
				ASSETCATALOG_COMPILER_APPICON_NAME = AppIcon;
				CODE_SIGN_IDENTITY = "Mac Developer";
				COMBINE_HIDPI_IMAGES = YES;
				INFOPLIST_FILE = "TV Watchman/Info.plist";
				LD_RUNPATH_SEARCH_PATHS = "$(inherited) @executable_path/../Frameworks";
				PRODUCT_BUNDLE_IDENTIFIER = "www.canburyconsultants.com.TV-Watchman";
				PRODUCT_NAME = "$(TARGET_NAME)";
			};
			name = Release;
		};
/* End XCBuildConfiguration section */

/* Begin XCConfigurationList section */
		90A993AA1CCA8CD1009DEB2E /* Build configuration list for PBXProject "TV Watchman" */ = {
			isa = XCConfigurationList;
			buildConfigurations = (
				90A993C01CCA8CD1009DEB2E /* Debug */,
				90A993C11CCA8CD1009DEB2E /* Release */,
			);
			defaultConfigurationIsVisible = 0;
			defaultConfigurationName = Release;
		};
		90A993C21CCA8CD1009DEB2E /* Build configuration list for PBXNativeTarget "TV Watchman" */ = {
			isa = XCConfigurationList;
			buildConfigurations = (
				90A993C31CCA8CD1009DEB2E /* Debug */,
				90A993C41CCA8CD1009DEB2E /* Release */,
			);
			defaultConfigurationIsVisible = 0;
		};
/* End XCConfigurationList section */
	};
	rootObject = 90A993A71CCA8CD1009DEB2E /* Project object */;
}
